// !$*UTF8*$!
{
	archiveVersion = 1;
	classes = {
	};
	objectVersion = 46;
	objects = {

/* Begin PBXBuildFile section */
		893085E21E926621002EDAF7 /* AppDelegate.swift in Sources */ = {isa = PBXBuildFile; fileRef = 893085E11E926621002EDAF7 /* AppDelegate.swift */; };
		893085E41E926621002EDAF7 /* ViewController.swift in Sources */ = {isa = PBXBuildFile; fileRef = 893085E31E926621002EDAF7 /* ViewController.swift */; };
		893085E71E926621002EDAF7 /* Main.storyboard in Resources */ = {isa = PBXBuildFile; fileRef = 893085E51E926621002EDAF7 /* Main.storyboard */; };
		893085E91E926621002EDAF7 /* Assets.xcassets in Resources */ = {isa = PBXBuildFile; fileRef = 893085E81E926621002EDAF7 /* Assets.xcassets */; };
		893085EC1E926621002EDAF7 /* LaunchScreen.storyboard in Resources */ = {isa = PBXBuildFile; fileRef = 893085EA1E926621002EDAF7 /* LaunchScreen.storyboard */; };
/* End PBXBuildFile section */

/* Begin PBXFileReference section */
		893085DE1E926621002EDAF7 /* TextViewWithPlaceholders.app */ = {isa = PBXFileReference; explicitFileType = wrapper.application; includeInIndex = 0; path = TextViewWithPlaceholders.app; sourceTree = BUILT_PRODUCTS_DIR; };
		893085E11E926621002EDAF7 /* AppDelegate.swift */ = {isa = PBXFileReference; lastKnownFileType = sourcecode.swift; path = AppDelegate.swift; sourceTree = "<group>"; };
		893085E31E926621002EDAF7 /* ViewController.swift */ = {isa = PBXFileReference; lastKnownFileType = sourcecode.swift; path = ViewController.swift; sourceTree = "<group>"; };
		893085E61E926621002EDAF7 /* Base */ = {isa = PBXFileReference; lastKnownFileType = file.storyboard; name = Base; path = Base.lproj/Main.storyboard; sourceTree = "<group>"; };
		893085E81E926621002EDAF7 /* Assets.xcassets */ = {isa = PBXFileReference; lastKnownFileType = folder.assetcatalog; path = Assets.xcassets; sourceTree = "<group>"; };
		893085EB1E926621002EDAF7 /* Base */ = {isa = PBXFileReference; lastKnownFileType = file.storyboard; name = Base; path = Base.lproj/LaunchScreen.storyboard; sourceTree = "<group>"; };
		893085ED1E926621002EDAF7 /* Info.plist */ = {isa = PBXFileReference; lastKnownFileType = text.plist.xml; path = Info.plist; sourceTree = "<group>"; };
/* End PBXFileReference section */

/* Begin PBXFrameworksBuildPhase section */
		893085DB1E926621002EDAF7 /* Frameworks */ = {
			isa = PBXFrameworksBuildPhase;
			buildActionMask = 2147483647;
			files = (
			);
			runOnlyForDeploymentPostprocessing = 0;
		};
/* End PBXFrameworksBuildPhase section */

/* Begin PBXGroup section */
		893085D51E926620002EDAF7 = {
			isa = PBXGroup;
			children = (
				893085E01E926621002EDAF7 /* TextViewWithPlaceholders */,
				893085DF1E926621002EDAF7 /* Products */,
			);
			sourceTree = "<group>";
		};
		893085DF1E926621002EDAF7 /* Products */ = {
			isa = PBXGroup;
			children = (
				893085DE1E926621002EDAF7 /* TextViewWithPlaceholders.app */,
			);
			name = Products;
			sourceTree = "<group>";
		};
		893085E01E926621002EDAF7 /* TextViewWithPlaceholders */ = {
			isa = PBXGroup;
			children = (
				893085E11E926621002EDAF7 /* AppDelegate.swift */,
				893085E31E926621002EDAF7 /* ViewController.swift */,
				893085E51E926621002EDAF7 /* Main.storyboard */,
				893085E81E926621002EDAF7 /* Assets.xcassets */,
				893085EA1E926621002EDAF7 /* LaunchScreen.storyboard */,
				893085ED1E926621002EDAF7 /* Info.plist */,
			);
			path = TextViewWithPlaceholders;
			sourceTree = "<group>";
		};
/* End PBXGroup section */

/* Begin PBXNativeTarget section */
		893085DD1E926621002EDAF7 /* TextViewWithPlaceholders */ = {
			isa = PBXNativeTarget;
			buildConfigurationList = 893085F01E926621002EDAF7 /* Build configuration list for PBXNativeTarget "TextViewWithPlaceholders" */;
			buildPhases = (
				893085DA1E926621002EDAF7 /* Sources */,
				893085DB1E926621002EDAF7 /* Frameworks */,
				893085DC1E926621002EDAF7 /* Resources */,
			);
			buildRules = (
			);
			dependencies = (
			);
			name = TextViewWithPlaceholders;
			productName = TextViewWithPlaceholders;
			productReference = 893085DE1E926621002EDAF7 /* TextViewWithPlaceholders.app */;
			productType = "com.apple.product-type.application";
		};
/* End PBXNativeTarget section */

/* Begin PBXProject section */
		893085D61E926620002EDAF7 /* Project object */ = {
			isa = PBXProject;
			attributes = {
				LastSwiftUpdateCheck = 0830;
				LastUpgradeCheck = 0830;
				ORGANIZATIONNAME = DutchVirtual;
				TargetAttributes = {
					893085DD1E926621002EDAF7 = {
						CreatedOnToolsVersion = 8.3;
						ProvisioningStyle = Automatic;
					};
				};
			};
			buildConfigurationList = 893085D91E926620002EDAF7 /* Build configuration list for PBXProject "TextViewWithPlaceholders" */;
			compatibilityVersion = "Xcode 3.2";
			developmentRegion = English;
			hasScannedForEncodings = 0;
			knownRegions = (
				en,
				Base,
			);
			mainGroup = 893085D51E926620002EDAF7;
			productRefGroup = 893085DF1E926621002EDAF7 /* Products */;
			projectDirPath = "";
			projectRoot = "";
			targets = (
				893085DD1E926621002EDAF7 /* TextViewWithPlaceholders */,
			);
		};
/* End PBXProject section */

/* Begin PBXResourcesBuildPhase section */
		893085DC1E926621002EDAF7 /* Resources */ = {
			isa = PBXResourcesBuildPhase;
			buildActionMask = 2147483647;
			files = (
				893085EC1E926621002EDAF7 /* LaunchScreen.storyboard in Resources */,
				893085E91E926621002EDAF7 /* Assets.xcassets in Resources */,
				893085E71E926621002EDAF7 /* Main.storyboard in Resources */,
			);
			runOnlyForDeploymentPostprocessing = 0;
		};
/* End PBXResourcesBuildPhase section */

/* Begin PBXSourcesBuildPhase section */
		893085DA1E926621002EDAF7 /* Sources */ = {
			isa = PBXSourcesBuildPhase;
			buildActionMask = 2147483647;
			files = (
				893085E41E926621002EDAF7 /* ViewController.swift in Sources */,
				893085E21E926621002EDAF7 /* AppDelegate.swift in Sources */,
			);
			runOnlyForDeploymentPostprocessing = 0;
		};
/* End PBXSourcesBuildPhase section */

/* Begin PBXVariantGroup section */
		893085E51E926621002EDAF7 /* Main.storyboard */ = {
			isa = PBXVariantGroup;
			children = (
				893085E61E926621002EDAF7 /* Base */,
			);
			name = Main.storyboard;
			sourceTree = "<group>";
		};
		893085EA1E926621002EDAF7 /* LaunchScreen.storyboard */ = {
			isa = PBXVariantGroup;
			children = (
				893085EB1E926621002EDAF7 /* Base */,
			);
			name = LaunchScreen.storyboard;
			sourceTree = "<group>";
		};
/* End PBXVariantGroup section */

/* Begin XCBuildConfiguration section */
		893085EE1E926621002EDAF7 /* Debug */ = {
			isa = XCBuildConfiguration;
			buildSettings = {
				ALWAYS_SEARCH_USER_PATHS = NO;
				CLANG_ANALYZER_NONNULL = YES;
				CLANG_ANALYZER_NUMBER_OBJECT_CONVERSION = YES_AGGRESSIVE;
				CLANG_CXX_LANGUAGE_STANDARD = "gnu++0x";
				CLANG_CXX_LIBRARY = "libc++";
				CLANG_ENABLE_MODULES = YES;
				CLANG_ENABLE_OBJC_ARC = YES;
				CLANG_WARN_BOOL_CONVERSION = YES;
				CLANG_WARN_CONSTANT_CONVERSION = YES;
				CLANG_WARN_DIRECT_OBJC_ISA_USAGE = YES_ERROR;
				CLANG_WARN_DOCUMENTATION_COMMENTS = YES;
				CLANG_WARN_EMPTY_BODY = YES;
				CLANG_WARN_ENUM_CONVERSION = YES;
				CLANG_WARN_INFINITE_RECURSION = YES;
				CLANG_WARN_INT_CONVERSION = YES;
				CLANG_WARN_OBJC_ROOT_CLASS = YES_ERROR;
				CLANG_WARN_SUSPICIOUS_MOVE = YES;
				CLANG_WARN_UNREACHABLE_CODE = YES;
				CLANG_WARN__DUPLICATE_METHOD_MATCH = YES;
				"CODE_SIGN_IDENTITY[sdk=iphoneos*]" = "iPhone Developer";
				COPY_PHASE_STRIP = NO;
				DEBUG_INFORMATION_FORMAT = dwarf;
				ENABLE_STRICT_OBJC_MSGSEND = YES;
				ENABLE_TESTABILITY = YES;
				GCC_C_LANGUAGE_STANDARD = gnu99;
				GCC_DYNAMIC_NO_PIC = NO;
				GCC_NO_COMMON_BLOCKS = YES;
				GCC_OPTIMIZATION_LEVEL = 0;
				GCC_PREPROCESSOR_DEFINITIONS = (
					"DEBUG=1",
					"$(inherited)",
				);
				GCC_WARN_64_TO_32_BIT_CONVERSION = YES;
				GCC_WARN_ABOUT_RETURN_TYPE = YES_ERROR;
				GCC_WARN_UNDECLARED_SELECTOR = YES;
				GCC_WARN_UNINITIALIZED_AUTOS = YES_AGGRESSIVE;
				GCC_WARN_UNUSED_FUNCTION = YES;
				GCC_WARN_UNUSED_VARIABLE = YES;
				IPHONEOS_DEPLOYMENT_TARGET = 10.3;
				MTL_ENABLE_DEBUG_INFO = YES;
				ONLY_ACTIVE_ARCH = YES;
				SDKROOT = iphoneos;
				SWIFT_ACTIVE_COMPILATION_CONDITIONS = DEBUG;
				SWIFT_OPTIMIZATION_LEVEL = "-Onone";
				TARGETED_DEVICE_FAMILY = "1,2";
			};
			name = Debug;
		};
		893085EF1E926621002EDAF7 /* Release */ = {
			isa = XCBuildConfiguration;
			buildSettings = {
				ALWAYS_SEARCH_USER_PATHS = NO;
				CLANG_ANALYZER_NONNULL = YES;
				CLANG_ANALYZER_NUMBER_OBJECT_CONVERSION = YES_AGGRESSIVE;
				CLANG_CXX_LANGUAGE_STANDARD = "gnu++0x";
				CLANG_CXX_LIBRARY = "libc++";
				CLANG_ENABLE_MODULES = YES;
				CLANG_ENABLE_OBJC_ARC = YES;
				CLANG_WARN_BOOL_CONVERSION = YES;
				CLANG_WARN_CONSTANT_CONVERSION = YES;
				CLANG_WARN_DIRECT_OBJC_ISA_USAGE = YES_ERROR;
				CLANG_WARN_DOCUMENTATION_COMMENTS = YES;
				CLANG_WARN_EMPTY_BODY = YES;
				CLANG_WARN_ENUM_CONVERSION = YES;
				CLANG_WARN_INFINITE_RECURSION = YES;
				CLANG_WARN_INT_CONVERSION = YES;
				CLANG_WARN_OBJC_ROOT_CLASS = YES_ERROR;
				CLANG_WARN_SUSPICIOUS_MOVE = YES;
				CLANG_WARN_UNREACHABLE_CODE = YES;
				CLANG_WARN__DUPLICATE_METHOD_MATCH = YES;
				"CODE_SIGN_IDENTITY[sdk=iphoneos*]" = "iPhone Developer";
				COPY_PHASE_STRIP = NO;
				DEBUG_INFORMATION_FORMAT = "dwarf-with-dsym";
				ENABLE_NS_ASSERTIONS = NO;
				ENABLE_STRICT_OBJC_MSGSEND = YES;
				GCC_C_LANGUAGE_STANDARD = gnu99;
				GCC_NO_COMMON_BLOCKS = YES;
				GCC_WARN_64_TO_32_BIT_CONVERSION = YES;
				GCC_WARN_ABOUT_RETURN_TYPE = YES_ERROR;
				GCC_WARN_UNDECLARED_SELECTOR = YES;
				GCC_WARN_UNINITIALIZED_AUTOS = YES_AGGRESSIVE;
				GCC_WARN_UNUSED_FUNCTION = YES;
				GCC_WARN_UNUSED_VARIABLE = YES;
				IPHONEOS_DEPLOYMENT_TARGET = 10.3;
				MTL_ENABLE_DEBUG_INFO = NO;
				SDKROOT = iphoneos;
				SWIFT_OPTIMIZATION_LEVEL = "-Owholemodule";
				TARGETED_DEVICE_FAMILY = "1,2";
				VALIDATE_PRODUCT = YES;
			};
			name = Release;
		};
		893085F11E926621002EDAF7 /* Debug */ = {
			isa = XCBuildConfiguration;
			buildSettings = {
				ASSETCATALOG_COMPILER_APPICON_NAME = AppIcon;
				INFOPLIST_FILE = TextViewWithPlaceholders/Info.plist;
				LD_RUNPATH_SEARCH_PATHS = "$(inherited) @executable_path/Frameworks";
				PRODUCT_BUNDLE_IDENTIFIER = nl.dutchvirtual.TextViewWithPlaceholders;
				PRODUCT_NAME = "$(TARGET_NAME)";
				SWIFT_VERSION = 3.0;
			};
			name = Debug;
		};
		893085F21E926621002EDAF7 /* Release */ = {
			isa = XCBuildConfiguration;
			buildSettings = {
				ASSETCATALOG_COMPILER_APPICON_NAME = AppIcon;
				INFOPLIST_FILE = TextViewWithPlaceholders/Info.plist;
				LD_RUNPATH_SEARCH_PATHS = "$(inherited) @executable_path/Frameworks";
				PRODUCT_BUNDLE_IDENTIFIER = nl.dutchvirtual.TextViewWithPlaceholders;
				PRODUCT_NAME = "$(TARGET_NAME)";
				SWIFT_VERSION = 3.0;
			};
			name = Release;
		};
/* End XCBuildConfiguration section */

/* Begin XCConfigurationList section */
		893085D91E926620002EDAF7 /* Build configuration list for PBXProject "TextViewWithPlaceholders" */ = {
			isa = XCConfigurationList;
			buildConfigurations = (
				893085EE1E926621002EDAF7 /* Debug */,
				893085EF1E926621002EDAF7 /* Release */,
			);
			defaultConfigurationIsVisible = 0;
			defaultConfigurationName = Release;
		};
		893085F01E926621002EDAF7 /* Build configuration list for PBXNativeTarget "TextViewWithPlaceholders" */ = {
			isa = XCConfigurationList;
			buildConfigurations = (
				893085F11E926621002EDAF7 /* Debug */,
				893085F21E926621002EDAF7 /* Release */,
			);
			defaultConfigurationIsVisible = 0;
		};
/* End XCConfigurationList section */
	};
	rootObject = 893085D61E926620002EDAF7 /* Project object */;
}
